// !$*UTF8*$!
{
	archiveVersion = 1;
	classes = {
	};
	objectVersion = 56;
	objects = {

/* Begin PBXBuildFile section */
		AF43666B287B111800242B7F /* JobProgressView.swift in Sources */ = {isa = PBXBuildFile; fileRef = AF43666A287B111800242B7F /* JobProgressView.swift */; };
		AF789083287B0395002D3A1F /* RealmHelper.swift in Sources */ = {isa = PBXBuildFile; fileRef = AF789082287B0395002D3A1F /* RealmHelper.swift */; };
		AF9CB27C28804D4900B26A97 /* ReportView.swift in Sources */ = {isa = PBXBuildFile; fileRef = AF9CB27B28804D4900B26A97 /* ReportView.swift */; };
		AF9CB27E28804D7700B26A97 /* HomeView.swift in Sources */ = {isa = PBXBuildFile; fileRef = AF9CB27D28804D7700B26A97 /* HomeView.swift */; };
		AFA2D0D028858F58001184D1 /* JobFormView.swift in Sources */ = {isa = PBXBuildFile; fileRef = AFA2D0CF28858F58001184D1 /* JobFormView.swift */; };
		AFC710F6287A4BA9000B67E9 /* EntryListView.swift in Sources */ = {isa = PBXBuildFile; fileRef = AFC710F5287A4BA9000B67E9 /* EntryListView.swift */; };
		AFC710F8287A4D41000B67E9 /* AddEntryView.swift in Sources */ = {isa = PBXBuildFile; fileRef = AFC710F7287A4D41000B67E9 /* AddEntryView.swift */; };
		AFC710FA287A55F8000B67E9 /* EntryDetailView.swift in Sources */ = {isa = PBXBuildFile; fileRef = AFC710F9287A55F8000B67E9 /* EntryDetailView.swift */; };
		AFEBE806287B707700887A80 /* EntryRowView.swift in Sources */ = {isa = PBXBuildFile; fileRef = AFEBE805287B707700887A80 /* EntryRowView.swift */; };
		AFEF5E372879D61A007F152F /* JobTrackerApp.swift in Sources */ = {isa = PBXBuildFile; fileRef = AFEF5E362879D61A007F152F /* JobTrackerApp.swift */; };
		AFEF5E3B2879D61B007F152F /* Assets.xcassets in Resources */ = {isa = PBXBuildFile; fileRef = AFEF5E3A2879D61B007F152F /* Assets.xcassets */; };
		AFEF5E3E2879D61B007F152F /* Preview Assets.xcassets in Resources */ = {isa = PBXBuildFile; fileRef = AFEF5E3D2879D61B007F152F /* Preview Assets.xcassets */; };
		AFEF5E462879D693007F152F /* Realm in Frameworks */ = {isa = PBXBuildFile; productRef = AFEF5E452879D693007F152F /* Realm */; };
		AFEF5E482879D693007F152F /* RealmSwift in Frameworks */ = {isa = PBXBuildFile; productRef = AFEF5E472879D693007F152F /* RealmSwift */; };
		AFEF5E4C2879D761007F152F /* JobsListView.swift in Sources */ = {isa = PBXBuildFile; fileRef = AFEF5E4B2879D761007F152F /* JobsListView.swift */; };
		AFEF5E4E2879D772007F152F /* JobRowView.swift in Sources */ = {isa = PBXBuildFile; fileRef = AFEF5E4D2879D772007F152F /* JobRowView.swift */; };
		AFEF5E502879D789007F152F /* JobDetailView.swift in Sources */ = {isa = PBXBuildFile; fileRef = AFEF5E4F2879D789007F152F /* JobDetailView.swift */; };
		AFEF5E522879DF00007F152F /* Job.swift in Sources */ = {isa = PBXBuildFile; fileRef = AFEF5E512879DF00007F152F /* Job.swift */; };
		AFEF5E542879DF08007F152F /* Entry.swift in Sources */ = {isa = PBXBuildFile; fileRef = AFEF5E532879DF08007F152F /* Entry.swift */; };
		AFF481DE287A2A1D008BA106 /* UserAccount.swift in Sources */ = {isa = PBXBuildFile; fileRef = AFF481DD287A2A1D008BA106 /* UserAccount.swift */; };
/* End PBXBuildFile section */

/* Begin PBXFileReference section */
		AF43666A287B111800242B7F /* JobProgressView.swift */ = {isa = PBXFileReference; lastKnownFileType = sourcecode.swift; path = JobProgressView.swift; sourceTree = "<group>"; };
		AF789082287B0395002D3A1F /* RealmHelper.swift */ = {isa = PBXFileReference; lastKnownFileType = sourcecode.swift; path = RealmHelper.swift; sourceTree = "<group>"; };
		AF9CB27B28804D4900B26A97 /* ReportView.swift */ = {isa = PBXFileReference; lastKnownFileType = sourcecode.swift; path = ReportView.swift; sourceTree = "<group>"; };
		AF9CB27D28804D7700B26A97 /* HomeView.swift */ = {isa = PBXFileReference; lastKnownFileType = sourcecode.swift; path = HomeView.swift; sourceTree = "<group>"; };
		AFA2D0CF28858F58001184D1 /* JobFormView.swift */ = {isa = PBXFileReference; lastKnownFileType = sourcecode.swift; path = JobFormView.swift; sourceTree = "<group>"; };
		AFC710F5287A4BA9000B67E9 /* EntryListView.swift */ = {isa = PBXFileReference; lastKnownFileType = sourcecode.swift; path = EntryListView.swift; sourceTree = "<group>"; };
		AFC710F7287A4D41000B67E9 /* AddEntryView.swift */ = {isa = PBXFileReference; lastKnownFileType = sourcecode.swift; path = AddEntryView.swift; sourceTree = "<group>"; };
		AFC710F9287A55F8000B67E9 /* EntryDetailView.swift */ = {isa = PBXFileReference; lastKnownFileType = sourcecode.swift; path = EntryDetailView.swift; sourceTree = "<group>"; };
		AFEBE805287B707700887A80 /* EntryRowView.swift */ = {isa = PBXFileReference; lastKnownFileType = sourcecode.swift; path = EntryRowView.swift; sourceTree = "<group>"; };
		AFEF5E332879D61A007F152F /* JobTracker.app */ = {isa = PBXFileReference; explicitFileType = wrapper.application; includeInIndex = 0; path = JobTracker.app; sourceTree = BUILT_PRODUCTS_DIR; };
		AFEF5E362879D61A007F152F /* JobTrackerApp.swift */ = {isa = PBXFileReference; lastKnownFileType = sourcecode.swift; path = JobTrackerApp.swift; sourceTree = "<group>"; };
		AFEF5E3A2879D61B007F152F /* Assets.xcassets */ = {isa = PBXFileReference; lastKnownFileType = folder.assetcatalog; path = Assets.xcassets; sourceTree = "<group>"; };
		AFEF5E3D2879D61B007F152F /* Preview Assets.xcassets */ = {isa = PBXFileReference; lastKnownFileType = folder.assetcatalog; path = "Preview Assets.xcassets"; sourceTree = "<group>"; };
		AFEF5E4B2879D761007F152F /* JobsListView.swift */ = {isa = PBXFileReference; lastKnownFileType = sourcecode.swift; path = JobsListView.swift; sourceTree = "<group>"; };
		AFEF5E4D2879D772007F152F /* JobRowView.swift */ = {isa = PBXFileReference; lastKnownFileType = sourcecode.swift; path = JobRowView.swift; sourceTree = "<group>"; };
		AFEF5E4F2879D789007F152F /* JobDetailView.swift */ = {isa = PBXFileReference; lastKnownFileType = sourcecode.swift; path = JobDetailView.swift; sourceTree = "<group>"; };
		AFEF5E512879DF00007F152F /* Job.swift */ = {isa = PBXFileReference; lastKnownFileType = sourcecode.swift; path = Job.swift; sourceTree = "<group>"; };
		AFEF5E532879DF08007F152F /* Entry.swift */ = {isa = PBXFileReference; lastKnownFileType = sourcecode.swift; path = Entry.swift; sourceTree = "<group>"; };
		AFF481DD287A2A1D008BA106 /* UserAccount.swift */ = {isa = PBXFileReference; fileEncoding = 4; lastKnownFileType = sourcecode.swift; path = UserAccount.swift; sourceTree = "<group>"; };
/* End PBXFileReference section */

/* Begin PBXFrameworksBuildPhase section */
		AFEF5E302879D61A007F152F /* Frameworks */ = {
			isa = PBXFrameworksBuildPhase;
			buildActionMask = 2147483647;
			files = (
				AFEF5E482879D693007F152F /* RealmSwift in Frameworks */,
				AFEF5E462879D693007F152F /* Realm in Frameworks */,
			);
			runOnlyForDeploymentPostprocessing = 0;
		};
/* End PBXFrameworksBuildPhase section */

/* Begin PBXGroup section */
		AF43666C287B133700242B7F /* Progress */ = {
			isa = PBXGroup;
			children = (
				AF43666A287B111800242B7F /* JobProgressView.swift */,
				AFA2D0CF28858F58001184D1 /* JobFormView.swift */,
			);
			path = Progress;
			sourceTree = "<group>";
		};
		AF789081287B038B002D3A1F /* Realm */ = {
			isa = PBXGroup;
			children = (
				AF789082287B0395002D3A1F /* RealmHelper.swift */,
			);
			path = Realm;
			sourceTree = "<group>";
		};
		AF9CB27A28804D3500B26A97 /* Reports */ = {
			isa = PBXGroup;
			children = (
				AF9CB27B28804D4900B26A97 /* ReportView.swift */,
			);
			path = Reports;
			sourceTree = "<group>";
		};
		AFC710F3287A4B90000B67E9 /* Entry */ = {
			isa = PBXGroup;
			children = (
				AFC710F5287A4BA9000B67E9 /* EntryListView.swift */,
				AFEBE805287B707700887A80 /* EntryRowView.swift */,
				AFC710F9287A55F8000B67E9 /* EntryDetailView.swift */,
				AFC710F7287A4D41000B67E9 /* AddEntryView.swift */,
			);
			path = Entry;
			sourceTree = "<group>";
		};
		AFC710F4287A4B98000B67E9 /* Job */ = {
			isa = PBXGroup;
			children = (
				AF43666C287B133700242B7F /* Progress */,
				AFEF5E4B2879D761007F152F /* JobsListView.swift */,
				AFEF5E4D2879D772007F152F /* JobRowView.swift */,
				AFEF5E4F2879D789007F152F /* JobDetailView.swift */,
			);
			path = Job;
			sourceTree = "<group>";
		};
		AFEF5E2A2879D61A007F152F = {
			isa = PBXGroup;
			children = (
				AFEF5E352879D61A007F152F /* JobTracker */,
				AFEF5E342879D61A007F152F /* Products */,
			);
			sourceTree = "<group>";
		};
		AFEF5E342879D61A007F152F /* Products */ = {
			isa = PBXGroup;
			children = (
				AFEF5E332879D61A007F152F /* JobTracker.app */,
			);
			name = Products;
			sourceTree = "<group>";
		};
		AFEF5E352879D61A007F152F /* JobTracker */ = {
			isa = PBXGroup;
			children = (
				AF789081287B038B002D3A1F /* Realm */,
				AFEF5E4A2879D749007F152F /* Models */,
				AFEF5E492879D743007F152F /* Views */,
				AFEF5E362879D61A007F152F /* JobTrackerApp.swift */,
				AF9CB27D28804D7700B26A97 /* HomeView.swift */,
				AFEF5E3A2879D61B007F152F /* Assets.xcassets */,
				AFEF5E3C2879D61B007F152F /* Preview Content */,
			);
			path = JobTracker;
			sourceTree = "<group>";
		};
		AFEF5E3C2879D61B007F152F /* Preview Content */ = {
			isa = PBXGroup;
			children = (
				AFEF5E3D2879D61B007F152F /* Preview Assets.xcassets */,
			);
			path = "Preview Content";
			sourceTree = "<group>";
		};
		AFEF5E492879D743007F152F /* Views */ = {
			isa = PBXGroup;
			children = (
				AF9CB27A28804D3500B26A97 /* Reports */,
				AFC710F4287A4B98000B67E9 /* Job */,
				AFC710F3287A4B90000B67E9 /* Entry */,
			);
			path = Views;
			sourceTree = "<group>";
		};
		AFEF5E4A2879D749007F152F /* Models */ = {
			isa = PBXGroup;
			children = (
				AFEF5E512879DF00007F152F /* Job.swift */,
				AFF481DD287A2A1D008BA106 /* UserAccount.swift */,
				AFEF5E532879DF08007F152F /* Entry.swift */,
			);
			path = Models;
			sourceTree = "<group>";
		};
/* End PBXGroup section */

/* Begin PBXNativeTarget section */
		AFEF5E322879D61A007F152F /* JobTracker */ = {
			isa = PBXNativeTarget;
			buildConfigurationList = AFEF5E412879D61B007F152F /* Build configuration list for PBXNativeTarget "JobTracker" */;
			buildPhases = (
				AFEF5E2F2879D61A007F152F /* Sources */,
				AFEF5E302879D61A007F152F /* Frameworks */,
				AFEF5E312879D61A007F152F /* Resources */,
			);
			buildRules = (
			);
			dependencies = (
			);
			name = JobTracker;
			packageProductDependencies = (
				AFEF5E452879D693007F152F /* Realm */,
				AFEF5E472879D693007F152F /* RealmSwift */,
			);
			productName = JobTracker;
			productReference = AFEF5E332879D61A007F152F /* JobTracker.app */;
			productType = "com.apple.product-type.application";
		};
/* End PBXNativeTarget section */

/* Begin PBXProject section */
		AFEF5E2B2879D61A007F152F /* Project object */ = {
			isa = PBXProject;
			attributes = {
				BuildIndependentTargetsInParallel = 1;
				LastSwiftUpdateCheck = 1400;
				LastUpgradeCheck = 1400;
				TargetAttributes = {
					AFEF5E322879D61A007F152F = {
						CreatedOnToolsVersion = 14.0;
					};
				};
			};
			buildConfigurationList = AFEF5E2E2879D61A007F152F /* Build configuration list for PBXProject "JobTracker" */;
			compatibilityVersion = "Xcode 14.0";
			developmentRegion = en;
			hasScannedForEncodings = 0;
			knownRegions = (
				en,
				Base,
			);
			mainGroup = AFEF5E2A2879D61A007F152F;
			packageReferences = (
				AFEF5E442879D693007F152F /* XCRemoteSwiftPackageReference "realm-swift" */,
			);
			productRefGroup = AFEF5E342879D61A007F152F /* Products */;
			projectDirPath = "";
			projectRoot = "";
			targets = (
				AFEF5E322879D61A007F152F /* JobTracker */,
			);
		};
/* End PBXProject section */

/* Begin PBXResourcesBuildPhase section */
		AFEF5E312879D61A007F152F /* Resources */ = {
			isa = PBXResourcesBuildPhase;
			buildActionMask = 2147483647;
			files = (
				AFEF5E3E2879D61B007F152F /* Preview Assets.xcassets in Resources */,
				AFEF5E3B2879D61B007F152F /* Assets.xcassets in Resources */,
			);
			runOnlyForDeploymentPostprocessing = 0;
		};
/* End PBXResourcesBuildPhase section */

/* Begin PBXSourcesBuildPhase section */
		AFEF5E2F2879D61A007F152F /* Sources */ = {
			isa = PBXSourcesBuildPhase;
			buildActionMask = 2147483647;
			files = (
				AFF481DE287A2A1D008BA106 /* UserAccount.swift in Sources */,
				AFC710FA287A55F8000B67E9 /* EntryDetailView.swift in Sources */,
				AFEF5E542879DF08007F152F /* Entry.swift in Sources */,
				AFC710F6287A4BA9000B67E9 /* EntryListView.swift in Sources */,
				AFEF5E522879DF00007F152F /* Job.swift in Sources */,
				AFEF5E502879D789007F152F /* JobDetailView.swift in Sources */,
				AFEF5E372879D61A007F152F /* JobTrackerApp.swift in Sources */,
				AF43666B287B111800242B7F /* JobProgressView.swift in Sources */,
				AF9CB27C28804D4900B26A97 /* ReportView.swift in Sources */,
				AFEBE806287B707700887A80 /* EntryRowView.swift in Sources */,
				AFA2D0D028858F58001184D1 /* JobFormView.swift in Sources */,
				AFC710F8287A4D41000B67E9 /* AddEntryView.swift in Sources */,
				AFEF5E4E2879D772007F152F /* JobRowView.swift in Sources */,
				AF9CB27E28804D7700B26A97 /* HomeView.swift in Sources */,
				AFEF5E4C2879D761007F152F /* JobsListView.swift in Sources */,
				AF789083287B0395002D3A1F /* RealmHelper.swift in Sources */,
			);
			runOnlyForDeploymentPostprocessing = 0;
		};
/* End PBXSourcesBuildPhase section */

/* Begin XCBuildConfiguration section */
		AFEF5E3F2879D61B007F152F /* Debug */ = {
			isa = XCBuildConfiguration;
			buildSettings = {
				ALWAYS_SEARCH_USER_PATHS = NO;
				CLANG_ANALYZER_NONNULL = YES;
				CLANG_ANALYZER_NUMBER_OBJECT_CONVERSION = YES_AGGRESSIVE;
				CLANG_CXX_LANGUAGE_STANDARD = "gnu++20";
				CLANG_ENABLE_MODULES = YES;
				CLANG_ENABLE_OBJC_ARC = YES;
				CLANG_ENABLE_OBJC_WEAK = YES;
				CLANG_WARN_BLOCK_CAPTURE_AUTORELEASING = YES;
				CLANG_WARN_BOOL_CONVERSION = YES;
				CLANG_WARN_COMMA = YES;
				CLANG_WARN_CONSTANT_CONVERSION = YES;
				CLANG_WARN_DEPRECATED_OBJC_IMPLEMENTATIONS = YES;
				CLANG_WARN_DIRECT_OBJC_ISA_USAGE = YES_ERROR;
				CLANG_WARN_DOCUMENTATION_COMMENTS = YES;
				CLANG_WARN_EMPTY_BODY = YES;
				CLANG_WARN_ENUM_CONVERSION = YES;
				CLANG_WARN_INFINITE_RECURSION = YES;
				CLANG_WARN_INT_CONVERSION = YES;
				CLANG_WARN_NON_LITERAL_NULL_CONVERSION = YES;
				CLANG_WARN_OBJC_IMPLICIT_RETAIN_SELF = YES;
				CLANG_WARN_OBJC_LITERAL_CONVERSION = YES;
				CLANG_WARN_OBJC_ROOT_CLASS = YES_ERROR;
				CLANG_WARN_QUOTED_INCLUDE_IN_FRAMEWORK_HEADER = YES;
				CLANG_WARN_RANGE_LOOP_ANALYSIS = YES;
				CLANG_WARN_STRICT_PROTOTYPES = YES;
				CLANG_WARN_SUSPICIOUS_MOVE = YES;
				CLANG_WARN_UNGUARDED_AVAILABILITY = YES_AGGRESSIVE;
				CLANG_WARN_UNREACHABLE_CODE = YES;
				CLANG_WARN__DUPLICATE_METHOD_MATCH = YES;
				COPY_PHASE_STRIP = NO;
				DEBUG_INFORMATION_FORMAT = dwarf;
				ENABLE_STRICT_OBJC_MSGSEND = YES;
				ENABLE_TESTABILITY = YES;
				GCC_C_LANGUAGE_STANDARD = gnu11;
				GCC_DYNAMIC_NO_PIC = NO;
				GCC_NO_COMMON_BLOCKS = YES;
				GCC_OPTIMIZATION_LEVEL = 0;
				GCC_PREPROCESSOR_DEFINITIONS = (
					"DEBUG=1",
					"$(inherited)",
				);
				GCC_WARN_64_TO_32_BIT_CONVERSION = YES;
				GCC_WARN_ABOUT_RETURN_TYPE = YES_ERROR;
				GCC_WARN_UNDECLARED_SELECTOR = YES;
				GCC_WARN_UNINITIALIZED_AUTOS = YES_AGGRESSIVE;
				GCC_WARN_UNUSED_FUNCTION = YES;
				GCC_WARN_UNUSED_VARIABLE = YES;
				IPHONEOS_DEPLOYMENT_TARGET = 16.0;
				MTL_ENABLE_DEBUG_INFO = INCLUDE_SOURCE;
				MTL_FAST_MATH = YES;
				ONLY_ACTIVE_ARCH = YES;
				SDKROOT = iphoneos;
				SWIFT_ACTIVE_COMPILATION_CONDITIONS = DEBUG;
				SWIFT_OPTIMIZATION_LEVEL = "-Onone";
			};
			name = Debug;
		};
		AFEF5E402879D61B007F152F /* Release */ = {
			isa = XCBuildConfiguration;
			buildSettings = {
				ALWAYS_SEARCH_USER_PATHS = NO;
				CLANG_ANALYZER_NONNULL = YES;
				CLANG_ANALYZER_NUMBER_OBJECT_CONVERSION = YES_AGGRESSIVE;
				CLANG_CXX_LANGUAGE_STANDARD = "gnu++20";
				CLANG_ENABLE_MODULES = YES;
				CLANG_ENABLE_OBJC_ARC = YES;
				CLANG_ENABLE_OBJC_WEAK = YES;
				CLANG_WARN_BLOCK_CAPTURE_AUTORELEASING = YES;
				CLANG_WARN_BOOL_CONVERSION = YES;
				CLANG_WARN_COMMA = YES;
				CLANG_WARN_CONSTANT_CONVERSION = YES;
				CLANG_WARN_DEPRECATED_OBJC_IMPLEMENTATIONS = YES;
				CLANG_WARN_DIRECT_OBJC_ISA_USAGE = YES_ERROR;
				CLANG_WARN_DOCUMENTATION_COMMENTS = YES;
				CLANG_WARN_EMPTY_BODY = YES;
				CLANG_WARN_ENUM_CONVERSION = YES;
				CLANG_WARN_INFINITE_RECURSION = YES;
				CLANG_WARN_INT_CONVERSION = YES;
				CLANG_WARN_NON_LITERAL_NULL_CONVERSION = YES;
				CLANG_WARN_OBJC_IMPLICIT_RETAIN_SELF = YES;
				CLANG_WARN_OBJC_LITERAL_CONVERSION = YES;
				CLANG_WARN_OBJC_ROOT_CLASS = YES_ERROR;
				CLANG_WARN_QUOTED_INCLUDE_IN_FRAMEWORK_HEADER = YES;
				CLANG_WARN_RANGE_LOOP_ANALYSIS = YES;
				CLANG_WARN_STRICT_PROTOTYPES = YES;
				CLANG_WARN_SUSPICIOUS_MOVE = YES;
				CLANG_WARN_UNGUARDED_AVAILABILITY = YES_AGGRESSIVE;
				CLANG_WARN_UNREACHABLE_CODE = YES;
				CLANG_WARN__DUPLICATE_METHOD_MATCH = YES;
				COPY_PHASE_STRIP = NO;
				DEBUG_INFORMATION_FORMAT = "dwarf-with-dsym";
				ENABLE_NS_ASSERTIONS = NO;
				ENABLE_STRICT_OBJC_MSGSEND = YES;
				GCC_C_LANGUAGE_STANDARD = gnu11;
				GCC_NO_COMMON_BLOCKS = YES;
				GCC_WARN_64_TO_32_BIT_CONVERSION = YES;
				GCC_WARN_ABOUT_RETURN_TYPE = YES_ERROR;
				GCC_WARN_UNDECLARED_SELECTOR = YES;
				GCC_WARN_UNINITIALIZED_AUTOS = YES_AGGRESSIVE;
				GCC_WARN_UNUSED_FUNCTION = YES;
				GCC_WARN_UNUSED_VARIABLE = YES;
				IPHONEOS_DEPLOYMENT_TARGET = 16.0;
				MTL_ENABLE_DEBUG_INFO = NO;
				MTL_FAST_MATH = YES;
				SDKROOT = iphoneos;
				SWIFT_COMPILATION_MODE = wholemodule;
				SWIFT_OPTIMIZATION_LEVEL = "-O";
				VALIDATE_PRODUCT = YES;
			};
			name = Release;
		};
		AFEF5E422879D61B007F152F /* Debug */ = {
			isa = XCBuildConfiguration;
			buildSettings = {
				ASSETCATALOG_COMPILER_APPICON_NAME = AppIcon;
				ASSETCATALOG_COMPILER_GLOBAL_ACCENT_COLOR_NAME = AccentColor;
				CODE_SIGN_STYLE = Automatic;
				CURRENT_PROJECT_VERSION = 1;
				DEVELOPMENT_ASSET_PATHS = "\"JobTracker/Preview Content\"";
				DEVELOPMENT_TEAM = R2TD9G86AV;
				ENABLE_PREVIEWS = YES;
				GENERATE_INFOPLIST_FILE = YES;
				INFOPLIST_KEY_UIApplicationSceneManifest_Generation = YES;
				INFOPLIST_KEY_UIApplicationSupportsIndirectInputEvents = YES;
				INFOPLIST_KEY_UILaunchScreen_Generation = YES;
				INFOPLIST_KEY_UISupportedInterfaceOrientations_iPad = "UIInterfaceOrientationPortrait UIInterfaceOrientationPortraitUpsideDown UIInterfaceOrientationLandscapeLeft UIInterfaceOrientationLandscapeRight";
				INFOPLIST_KEY_UISupportedInterfaceOrientations_iPhone = "UIInterfaceOrientationPortrait UIInterfaceOrientationLandscapeLeft UIInterfaceOrientationLandscapeRight";
				IPHONEOS_DEPLOYMENT_TARGET = 16.0;
				LD_RUNPATH_SEARCH_PATHS = (
					"$(inherited)",
					"@executable_path/Frameworks",
				);
				MARKETING_VERSION = 1.0;
				PRODUCT_BUNDLE_IDENTIFIER = studio17.JobTracker;
				PRODUCT_NAME = "$(TARGET_NAME)";
				SUPPORTED_PLATFORMS = "iphoneos iphonesimulator";
				SUPPORTS_MACCATALYST = NO;
				SUPPORTS_MAC_DESIGNED_FOR_IPHONE_IPAD = NO;
				SWIFT_EMIT_LOC_STRINGS = YES;
				SWIFT_VERSION = 5.0;
				TARGETED_DEVICE_FAMILY = "1,2";
			};
			name = Debug;
		};
		AFEF5E432879D61B007F152F /* Release */ = {
			isa = XCBuildConfiguration;
			buildSettings = {
				ASSETCATALOG_COMPILER_APPICON_NAME = AppIcon;
				ASSETCATALOG_COMPILER_GLOBAL_ACCENT_COLOR_NAME = AccentColor;
				CODE_SIGN_STYLE = Automatic;
				CURRENT_PROJECT_VERSION = 1;
				DEVELOPMENT_ASSET_PATHS = "\"JobTracker/Preview Content\"";
				DEVELOPMENT_TEAM = R2TD9G86AV;
				ENABLE_PREVIEWS = YES;
				GENERATE_INFOPLIST_FILE = YES;
				INFOPLIST_KEY_UIApplicationSceneManifest_Generation = YES;
				INFOPLIST_KEY_UIApplicationSupportsIndirectInputEvents = YES;
				INFOPLIST_KEY_UILaunchScreen_Generation = YES;
				INFOPLIST_KEY_UISupportedInterfaceOrientations_iPad = "UIInterfaceOrientationPortrait UIInterfaceOrientationPortraitUpsideDown UIInterfaceOrientationLandscapeLeft UIInterfaceOrientationLandscapeRight";
				INFOPLIST_KEY_UISupportedInterfaceOrientations_iPhone = "UIInterfaceOrientationPortrait UIInterfaceOrientationLandscapeLeft UIInterfaceOrientationLandscapeRight";
				IPHONEOS_DEPLOYMENT_TARGET = 16.0;
				LD_RUNPATH_SEARCH_PATHS = (
					"$(inherited)",
					"@executable_path/Frameworks",
				);
				MARKETING_VERSION = 1.0;
				PRODUCT_BUNDLE_IDENTIFIER = studio17.JobTracker;
				PRODUCT_NAME = "$(TARGET_NAME)";
				SUPPORTED_PLATFORMS = "iphoneos iphonesimulator";
				SUPPORTS_MACCATALYST = NO;
				SUPPORTS_MAC_DESIGNED_FOR_IPHONE_IPAD = NO;
				SWIFT_EMIT_LOC_STRINGS = YES;
				SWIFT_VERSION = 5.0;
				TARGETED_DEVICE_FAMILY = "1,2";
			};
			name = Release;
		};
/* End XCBuildConfiguration section */

/* Begin XCConfigurationList section */
		AFEF5E2E2879D61A007F152F /* Build configuration list for PBXProject "JobTracker" */ = {
			isa = XCConfigurationList;
			buildConfigurations = (
				AFEF5E3F2879D61B007F152F /* Debug */,
				AFEF5E402879D61B007F152F /* Release */,
			);
			defaultConfigurationIsVisible = 0;
			defaultConfigurationName = Release;
		};
		AFEF5E412879D61B007F152F /* Build configuration list for PBXNativeTarget "JobTracker" */ = {
			isa = XCConfigurationList;
			buildConfigurations = (
				AFEF5E422879D61B007F152F /* Debug */,
				AFEF5E432879D61B007F152F /* Release */,
			);
			defaultConfigurationIsVisible = 0;
			defaultConfigurationName = Release;
		};
/* End XCConfigurationList section */

/* Begin XCRemoteSwiftPackageReference section */
		AFEF5E442879D693007F152F /* XCRemoteSwiftPackageReference "realm-swift" */ = {
			isa = XCRemoteSwiftPackageReference;
			repositoryURL = "https://github.com/realm/realm-swift.git";
			requirement = {
				kind = exactVersion;
				version = 10.28.2;
			};
		};
/* End XCRemoteSwiftPackageReference section */

/* Begin XCSwiftPackageProductDependency section */
		AFEF5E452879D693007F152F /* Realm */ = {
			isa = XCSwiftPackageProductDependency;
			package = AFEF5E442879D693007F152F /* XCRemoteSwiftPackageReference "realm-swift" */;
			productName = Realm;
		};
		AFEF5E472879D693007F152F /* RealmSwift */ = {
			isa = XCSwiftPackageProductDependency;
			package = AFEF5E442879D693007F152F /* XCRemoteSwiftPackageReference "realm-swift" */;
			productName = RealmSwift;
		};
/* End XCSwiftPackageProductDependency section */
	};
	rootObject = AFEF5E2B2879D61A007F152F /* Project object */;
}
